
Microsoft Visual Studio Solution File, Format Version 12.00
# Visual Studio Version 16
VisualStudioVersion = 16.0.31019.35
MinimumVisualStudioVersion = 10.0.40219.1
Project("{888888A0-9F3D-457C-B088-3A5042F75D52}") = "Magnetism Ver. 1", "Magnetism Ver. 1.pyproj", "{304C1B45-5875-46B3-B5C9-18E00A570B4F}"
EndProject
Project("{2150E333-8FDC-42A3-9474-1A3956D46DE8}") = "Solution Items", "Solution Items", "{1D71CBB5-5FC5-43A5-A470-B1BC11DC4115}"
	ProjectSection(SolutionItems) = preProject
		File.txt = File.txt
	EndProjectSection
EndProject
Global
	GlobalSection(SolutionConfigurationPlatforms) = preSolution
		Debug|Any CPU = Debug|Any CPU
		Release|Any CPU = Release|Any CPU
	EndGlobalSection
	GlobalSection(ProjectConfigurationPlatforms) = postSolution
		{304C1B45-5875-46B3-B5C9-18E00A570B4F}.Debug|Any CPU.ActiveCfg = Debug|Any CPU
		{304C1B45-5875-46B3-B5C9-18E00A570B4F}.Release|Any CPU.ActiveCfg = Release|Any CPU
	EndGlobalSection
	GlobalSection(SolutionProperties) = preSolution
		HideSolutionNode = FALSE
	EndGlobalSection
	GlobalSection(ExtensibilityGlobals) = postSolution
		SolutionGuid = {ACA9C5F8-4AAE-4507-B1F6-4648A3F1E318}
	EndGlobalSection
EndGlobal
